
Microsoft Visual Studio Solution File, Format Version 12.00
# Visual Studio Version 17
VisualStudioVersion = 17.12.35506.116 d17.12
MinimumVisualStudioVersion = 10.0.40219.1
Project("{FAE04EC0-301F-11D3-BF4B-00C04F79EFBC}") = "Convertor", "Convertor.csproj", "{0091DF0D-AF4F-467C-9E67-FB7BC8795653}"
EndProject
Global
	GlobalSection(SolutionConfigurationPlatforms) = preSolution
		Debug|Any CPU = Debug|Any CPU
		Release|Any CPU = Release|Any CPU
	EndGlobalSection
	GlobalSection(ProjectConfigurationPlatforms) = postSolution
		{0091DF0D-AF4F-467C-9E67-FB7BC8795653}.Debug|Any CPU.ActiveCfg = Debug|Any CPU
		{0091DF0D-AF4F-467C-9E67-FB7BC8795653}.Debug|Any CPU.Build.0 = Debug|Any CPU
		{0091DF0D-AF4F-467C-9E67-FB7BC8795653}.Release|Any CPU.ActiveCfg = Release|Any CPU
		{0091DF0D-AF4F-467C-9E67-FB7BC8795653}.Release|Any CPU.Build.0 = Release|Any CPU
	EndGlobalSection
	GlobalSection(SolutionProperties) = preSolution
		HideSolutionNode = FALSE
	EndGlobalSection
EndGlobal
